
Microsoft Visual Studio Solution File, Format Version 12.00
# Visual Studio Version 16
VisualStudioVersion = 16.0.30413.136
MinimumVisualStudioVersion = 10.0.40219.1
Project("{FAE04EC0-301F-11D3-BF4B-00C04F79EFBC}") = "DesignPatternIterview", "DesignPatternIterview\DesignPatternIterview.csproj", "{00CE958C-DBDC-4956-A35C-07C96BA8046B}"
EndProject
Global
	GlobalSection(SolutionConfigurationPlatforms) = preSolution
		Debug|Any CPU = Debug|Any CPU
		Release|Any CPU = Release|Any CPU
	EndGlobalSection
	GlobalSection(ProjectConfigurationPlatforms) = postSolution
		{00CE958C-DBDC-4956-A35C-07C96BA8046B}.Debug|Any CPU.ActiveCfg = Debug|Any CPU
		{00CE958C-DBDC-4956-A35C-07C96BA8046B}.Debug|Any CPU.Build.0 = Debug|Any CPU
		{00CE958C-DBDC-4956-A35C-07C96BA8046B}.Release|Any CPU.ActiveCfg = Release|Any CPU
		{00CE958C-DBDC-4956-A35C-07C96BA8046B}.Release|Any CPU.Build.0 = Release|Any CPU
	EndGlobalSection
	GlobalSection(SolutionProperties) = preSolution
		HideSolutionNode = FALSE
	EndGlobalSection
	GlobalSection(ExtensibilityGlobals) = postSolution
		SolutionGuid = {A569C018-56CD-403F-A944-56D187F5253D}
	EndGlobalSection
EndGlobal
